
Microsoft Visual Studio Solution File, Format Version 11.00
# Visual Studio 2010
Project("{FAE04EC0-301F-11D3-BF4B-00C04F79EFBC}") = "SteamVR", "SteamVR.csproj", "{6C1D8EA6-C4DE-C2C9-2C9F-9142A524B95F}"
EndProject
Project("{FAE04EC0-301F-11D3-BF4B-00C04F79EFBC}") = "SteamVR_Actions", "SteamVR_Actions.csproj", "{A41C2C6A-B323-C423-2955-02BA1D81AF98}"
EndProject
Project("{FAE04EC0-301F-11D3-BF4B-00C04F79EFBC}") = "Assembly-CSharp", "Assembly-CSharp.csproj", "{1E35E6A4-3F08-70EC-4ACE-6ADD7323E8C9}"
EndProject
Project("{FAE04EC0-301F-11D3-BF4B-00C04F79EFBC}") = "SteamVR_Editor", "SteamVR_Editor.csproj", "{9EEC906F-435B-EA20-6DD5-806DBCCA55A7}"
EndProject
Project("{FAE04EC0-301F-11D3-BF4B-00C04F79EFBC}") = "SteamVR_Input_Editor", "SteamVR_Input_Editor.csproj", "{46EED9FD-6BAA-6A88-F3F8-6B8B19D49213}"
EndProject
Project("{FAE04EC0-301F-11D3-BF4B-00C04F79EFBC}") = "Assembly-CSharp-Editor", "Assembly-CSharp-Editor.csproj", "{765CF94D-6A81-8C35-69F5-3C7F615FBB37}"
EndProject
Project("{FAE04EC0-301F-11D3-BF4B-00C04F79EFBC}") = "SteamVR_Windows_EditorHelper", "SteamVR_Windows_EditorHelper.csproj", "{499D1E3A-3A11-E7C3-9C1E-BA43AE358E85}"
EndProject
Global
	GlobalSection(SolutionConfigurationPlatforms) = preSolution
		Debug|Any CPU = Debug|Any CPU
		Release|Any CPU = Release|Any CPU
	EndGlobalSection
	GlobalSection(ProjectConfigurationPlatforms) = postSolution
		{6C1D8EA6-C4DE-C2C9-2C9F-9142A524B95F}.Debug|Any CPU.ActiveCfg = Debug|Any CPU
		{6C1D8EA6-C4DE-C2C9-2C9F-9142A524B95F}.Debug|Any CPU.Build.0 = Debug|Any CPU
		{6C1D8EA6-C4DE-C2C9-2C9F-9142A524B95F}.Release|Any CPU.ActiveCfg = Release|Any CPU
		{6C1D8EA6-C4DE-C2C9-2C9F-9142A524B95F}.Release|Any CPU.Build.0 = Release|Any CPU
		{A41C2C6A-B323-C423-2955-02BA1D81AF98}.Debug|Any CPU.ActiveCfg = Debug|Any CPU
		{A41C2C6A-B323-C423-2955-02BA1D81AF98}.Debug|Any CPU.Build.0 = Debug|Any CPU
		{A41C2C6A-B323-C423-2955-02BA1D81AF98}.Release|Any CPU.ActiveCfg = Release|Any CPU
		{A41C2C6A-B323-C423-2955-02BA1D81AF98}.Release|Any CPU.Build.0 = Release|Any CPU
		{1E35E6A4-3F08-70EC-4ACE-6ADD7323E8C9}.Debug|Any CPU.ActiveCfg = Debug|Any CPU
		{1E35E6A4-3F08-70EC-4ACE-6ADD7323E8C9}.Debug|Any CPU.Build.0 = Debug|Any CPU
		{1E35E6A4-3F08-70EC-4ACE-6ADD7323E8C9}.Release|Any CPU.ActiveCfg = Release|Any CPU
		{1E35E6A4-3F08-70EC-4ACE-6ADD7323E8C9}.Release|Any CPU.Build.0 = Release|Any CPU
		{9EEC906F-435B-EA20-6DD5-806DBCCA55A7}.Debug|Any CPU.ActiveCfg = Debug|Any CPU
		{9EEC906F-435B-EA20-6DD5-806DBCCA55A7}.Debug|Any CPU.Build.0 = Debug|Any CPU
		{9EEC906F-435B-EA20-6DD5-806DBCCA55A7}.Release|Any CPU.ActiveCfg = Release|Any CPU
		{9EEC906F-435B-EA20-6DD5-806DBCCA55A7}.Release|Any CPU.Build.0 = Release|Any CPU
		{46EED9FD-6BAA-6A88-F3F8-6B8B19D49213}.Debug|Any CPU.ActiveCfg = Debug|Any CPU
		{46EED9FD-6BAA-6A88-F3F8-6B8B19D49213}.Debug|Any CPU.Build.0 = Debug|Any CPU
		{46EED9FD-6BAA-6A88-F3F8-6B8B19D49213}.Release|Any CPU.ActiveCfg = Release|Any CPU
		{46EED9FD-6BAA-6A88-F3F8-6B8B19D49213}.Release|Any CPU.Build.0 = Release|Any CPU
		{765CF94D-6A81-8C35-69F5-3C7F615FBB37}.Debug|Any CPU.ActiveCfg = Debug|Any CPU
		{765CF94D-6A81-8C35-69F5-3C7F615FBB37}.Debug|Any CPU.Build.0 = Debug|Any CPU
		{765CF94D-6A81-8C35-69F5-3C7F615FBB37}.Release|Any CPU.ActiveCfg = Release|Any CPU
		{765CF94D-6A81-8C35-69F5-3C7F615FBB37}.Release|Any CPU.Build.0 = Release|Any CPU
		{499D1E3A-3A11-E7C3-9C1E-BA43AE358E85}.Debug|Any CPU.ActiveCfg = Debug|Any CPU
		{499D1E3A-3A11-E7C3-9C1E-BA43AE358E85}.Debug|Any CPU.Build.0 = Debug|Any CPU
		{499D1E3A-3A11-E7C3-9C1E-BA43AE358E85}.Release|Any CPU.ActiveCfg = Release|Any CPU
		{499D1E3A-3A11-E7C3-9C1E-BA43AE358E85}.Release|Any CPU.Build.0 = Release|Any CPU
	EndGlobalSection
	GlobalSection(SolutionProperties) = preSolution
		HideSolutionNode = FALSE
	EndGlobalSection
EndGlobal
